
Microsoft Visual Studio Solution File, Format Version 12.00
# Visual Studio Version 17
VisualStudioVersion = 17.1.32414.318
MinimumVisualStudioVersion = 10.0.40219.1
Project("{FAE04EC0-301F-11D3-BF4B-00C04F79EFBC}") = "TabulaRasa", "TabulaRasa.csproj", "{78DE7258-9B43-4AA0-88AC-4FA70049EF0A}"
EndProject
Global
	GlobalSection(SolutionConfigurationPlatforms) = preSolution
		Debug|Any CPU = Debug|Any CPU
		Release|Any CPU = Release|Any CPU
	EndGlobalSection
	GlobalSection(ProjectConfigurationPlatforms) = postSolution
		{78DE7258-9B43-4AA0-88AC-4FA70049EF0A}.Debug|Any CPU.ActiveCfg = Debug|Any CPU
		{78DE7258-9B43-4AA0-88AC-4FA70049EF0A}.Debug|Any CPU.Build.0 = Debug|Any CPU
		{78DE7258-9B43-4AA0-88AC-4FA70049EF0A}.Release|Any CPU.ActiveCfg = Release|Any CPU
		{78DE7258-9B43-4AA0-88AC-4FA70049EF0A}.Release|Any CPU.Build.0 = Release|Any CPU
	EndGlobalSection
	GlobalSection(SolutionProperties) = preSolution
		HideSolutionNode = FALSE
	EndGlobalSection
	GlobalSection(ExtensibilityGlobals) = postSolution
		SolutionGuid = {E0D729BC-C832-4EFC-8380-EA57A73D8DD2}
	EndGlobalSection
EndGlobal
