
Microsoft Visual Studio Solution File, Format Version 12.00
# Visual Studio Version 17
VisualStudioVersion = 17.0.31912.275
MinimumVisualStudioVersion = 10.0.40219.1
Project("{FAE04EC0-301F-11D3-BF4B-00C04F79EFBC}") = "RimHUDRacePatch", "RimHUDRacePatch.csproj", "{54FC37D9-90E8-47D6-AA6C-8AA33A255B3D}"
EndProject
Global
	GlobalSection(SolutionConfigurationPlatforms) = preSolution
		Debug|Any CPU = Debug|Any CPU
		Release|Any CPU = Release|Any CPU
	EndGlobalSection
	GlobalSection(ProjectConfigurationPlatforms) = postSolution
		{54FC37D9-90E8-47D6-AA6C-8AA33A255B3D}.Debug|Any CPU.ActiveCfg = Debug|Any CPU
		{54FC37D9-90E8-47D6-AA6C-8AA33A255B3D}.Debug|Any CPU.Build.0 = Debug|Any CPU
		{54FC37D9-90E8-47D6-AA6C-8AA33A255B3D}.Release|Any CPU.ActiveCfg = Release|Any CPU
		{54FC37D9-90E8-47D6-AA6C-8AA33A255B3D}.Release|Any CPU.Build.0 = Release|Any CPU
	EndGlobalSection
	GlobalSection(SolutionProperties) = preSolution
		HideSolutionNode = FALSE
	EndGlobalSection
	GlobalSection(ExtensibilityGlobals) = postSolution
		SolutionGuid = {20C24052-A562-4EC5-A235-5EB3FA4107DE}
	EndGlobalSection
EndGlobal
