
Microsoft Visual Studio Solution File, Format Version 12.00
# Visual Studio Version 16
VisualStudioVersion = 16.0.30002.166
MinimumVisualStudioVersion = 10.0.40219.1
Project("{FAE04EC0-301F-11D3-BF4B-00C04F79EFBC}") = "O21Toolbox", "O21Toolbox\O21Toolbox.csproj", "{A72D1CCB-F480-40EA-AD21-F166FE7553FD}"
EndProject
Project("{2150E333-8FDC-42A3-9474-1A3956D46DE8}") = "Solution Items", "Solution Items", "{60AAE045-5FAF-4D5B-82DC-2287BDE9E80E}"
	ProjectSection(SolutionItems) = preProject
		.editorconfig = .editorconfig
	EndProjectSection
EndProject
Global
	GlobalSection(SolutionConfigurationPlatforms) = preSolution
		Debug|Any CPU = Debug|Any CPU
		Release|Any CPU = Release|Any CPU
	EndGlobalSection
	GlobalSection(ProjectConfigurationPlatforms) = postSolution
		{A72D1CCB-F480-40EA-AD21-F166FE7553FD}.Debug|Any CPU.ActiveCfg = Debug|Any CPU
		{A72D1CCB-F480-40EA-AD21-F166FE7553FD}.Debug|Any CPU.Build.0 = Debug|Any CPU
		{A72D1CCB-F480-40EA-AD21-F166FE7553FD}.Release|Any CPU.ActiveCfg = Release|Any CPU
		{A72D1CCB-F480-40EA-AD21-F166FE7553FD}.Release|Any CPU.Build.0 = Release|Any CPU
	EndGlobalSection
	GlobalSection(SolutionProperties) = preSolution
		HideSolutionNode = FALSE
	EndGlobalSection
	GlobalSection(ExtensibilityGlobals) = postSolution
		SolutionGuid = {3A8EC6C2-1816-4AD8-BCFB-6ABBCE223B70}
	EndGlobalSection
EndGlobal
